
Microsoft Visual Studio Solution File, Format Version 12.00
# Visual Studio Version 17
VisualStudioVersion = 17.0.31903.59
MinimumVisualStudioVersion = 10.0.40219.1
Project("{9A19103F-16F7-4668-BE54-9A1E7A4F7556}") = "PerhapsAGame", "PerhapsAGame\PerhapsAGame.csproj", "{827DFA92-FBF1-4F1B-B6F9-12F344BEF07A}"
EndProject
Project("{9A19103F-16F7-4668-BE54-9A1E7A4F7556}") = "MooTests", "MooTests\MooTests.csproj", "{883A5DA5-FB0F-4951-B26D-7ADBA32A524A}"
EndProject
Project("{9A19103F-16F7-4668-BE54-9A1E7A4F7556}") = "Game1", "..\Dasbooseh\Game1\Game1.csproj", "{9EFDA020-DB49-4309-BD77-466EA3939223}"
	ProjectSection(ProjectDependencies) = postProject
		{827DFA92-FBF1-4F1B-B6F9-12F344BEF07A} = {827DFA92-FBF1-4F1B-B6F9-12F344BEF07A}
	EndProjectSection
EndProject
Global
	GlobalSection(SolutionConfigurationPlatforms) = preSolution
		Debug|Any CPU = Debug|Any CPU
		Release|Any CPU = Release|Any CPU
	EndGlobalSection
	GlobalSection(ProjectConfigurationPlatforms) = postSolution
		{827DFA92-FBF1-4F1B-B6F9-12F344BEF07A}.Debug|Any CPU.ActiveCfg = Debug|Any CPU
		{827DFA92-FBF1-4F1B-B6F9-12F344BEF07A}.Debug|Any CPU.Build.0 = Debug|Any CPU
		{827DFA92-FBF1-4F1B-B6F9-12F344BEF07A}.Release|Any CPU.ActiveCfg = Release|Any CPU
		{827DFA92-FBF1-4F1B-B6F9-12F344BEF07A}.Release|Any CPU.Build.0 = Release|Any CPU
		{883A5DA5-FB0F-4951-B26D-7ADBA32A524A}.Debug|Any CPU.ActiveCfg = Debug|Any CPU
		{883A5DA5-FB0F-4951-B26D-7ADBA32A524A}.Debug|Any CPU.Build.0 = Debug|Any CPU
		{883A5DA5-FB0F-4951-B26D-7ADBA32A524A}.Release|Any CPU.ActiveCfg = Release|Any CPU
		{883A5DA5-FB0F-4951-B26D-7ADBA32A524A}.Release|Any CPU.Build.0 = Release|Any CPU
		{9EFDA020-DB49-4309-BD77-466EA3939223}.Debug|Any CPU.ActiveCfg = Debug|Any CPU
		{9EFDA020-DB49-4309-BD77-466EA3939223}.Debug|Any CPU.Build.0 = Debug|Any CPU
		{9EFDA020-DB49-4309-BD77-466EA3939223}.Release|Any CPU.ActiveCfg = Release|Any CPU
		{9EFDA020-DB49-4309-BD77-466EA3939223}.Release|Any CPU.Build.0 = Release|Any CPU
	EndGlobalSection
	GlobalSection(SolutionProperties) = preSolution
		HideSolutionNode = FALSE
	EndGlobalSection
	GlobalSection(ExtensibilityGlobals) = postSolution
		SolutionGuid = {BABEF846-B6B1-447B-8CA3-0F72B6339FD8}
	EndGlobalSection
EndGlobal
