
Microsoft Visual Studio Solution File, Format Version 12.00
# Visual Studio Version 17
VisualStudioVersion = 17.0.31903.59
MinimumVisualStudioVersion = 10.0.40219.1
Project("{9A19103F-16F7-4668-BE54-9A1E7A4F7556}") = "PerhapsAGame", "PerhapsAGame\PerhapsAGame.csproj", "{827DFA92-FBF1-4F1B-B6F9-12F344BEF07A}"
EndProject
Project("{9A19103F-16F7-4668-BE54-9A1E7A4F7556}") = "Tests", "Tests\Tests.csproj", "{AA0962EE-0DC5-4E77-82B3-380367C38DCE}"
EndProject
Project("{FAE04EC0-301F-11D3-BF4B-00C04F79EFBC}") = "MooTests", "MooTests\MooTests.csproj", "{883A5DA5-FB0F-4951-B26D-7ADBA32A524A}"
EndProject
Global
	GlobalSection(SolutionConfigurationPlatforms) = preSolution
		Debug|Any CPU = Debug|Any CPU
		Release|Any CPU = Release|Any CPU
	EndGlobalSection
	GlobalSection(ProjectConfigurationPlatforms) = postSolution
		{827DFA92-FBF1-4F1B-B6F9-12F344BEF07A}.Debug|Any CPU.ActiveCfg = Debug|Any CPU
		{827DFA92-FBF1-4F1B-B6F9-12F344BEF07A}.Debug|Any CPU.Build.0 = Debug|Any CPU
		{827DFA92-FBF1-4F1B-B6F9-12F344BEF07A}.Release|Any CPU.ActiveCfg = Release|Any CPU
		{827DFA92-FBF1-4F1B-B6F9-12F344BEF07A}.Release|Any CPU.Build.0 = Release|Any CPU
		{AA0962EE-0DC5-4E77-82B3-380367C38DCE}.Debug|Any CPU.ActiveCfg = Debug|Any CPU
		{AA0962EE-0DC5-4E77-82B3-380367C38DCE}.Debug|Any CPU.Build.0 = Debug|Any CPU
		{AA0962EE-0DC5-4E77-82B3-380367C38DCE}.Release|Any CPU.ActiveCfg = Release|Any CPU
		{AA0962EE-0DC5-4E77-82B3-380367C38DCE}.Release|Any CPU.Build.0 = Release|Any CPU
		{883A5DA5-FB0F-4951-B26D-7ADBA32A524A}.Debug|Any CPU.ActiveCfg = Debug|Any CPU
		{883A5DA5-FB0F-4951-B26D-7ADBA32A524A}.Debug|Any CPU.Build.0 = Debug|Any CPU
		{883A5DA5-FB0F-4951-B26D-7ADBA32A524A}.Release|Any CPU.ActiveCfg = Release|Any CPU
		{883A5DA5-FB0F-4951-B26D-7ADBA32A524A}.Release|Any CPU.Build.0 = Release|Any CPU
	EndGlobalSection
	GlobalSection(SolutionProperties) = preSolution
		HideSolutionNode = FALSE
	EndGlobalSection
	GlobalSection(ExtensibilityGlobals) = postSolution
		SolutionGuid = {BABEF846-B6B1-447B-8CA3-0F72B6339FD8}
	EndGlobalSection
EndGlobal
